<Solution>
  <Project Path="RyansLibrary.Labyrinth.csproj" />
  <Project Path="RyansLibrary.Scripts.csproj" />
  <Project Path="BlueRaja.PriorityQueue.csproj" />
  <Project Path="Tests.csproj" />
  <Project Path="BetterHierarchyDemoScripts.csproj" />
  <Project Path="Assembly-CSharp-Editor.csproj" />
  <Project Path="BetterHierarchy.csproj" />
  <Project Path="RyansLibrary.Editor.csproj" />
  <Project Path="Assembly-CSharp.csproj" />
  <Project Path="RyansLibrary.Debugging.csproj" />
  <Project Path="RyansLibrary.csproj" />
  <Project Path="RyansLibrary.PlayerControls.csproj" />
</Solution>
